
Microsoft Visual Studio Solution File, Format Version 12.00
# Visual Studio Version 17
VisualStudioVersion = 17.0.31903.59
MinimumVisualStudioVersion = 10.0.40219.1
Project("{9A19103F-16F7-4668-BE54-9A1E7A4F7556}") = "AppkitSharp.Models", "source\AppkitSharp.Models\AppkitSharp.Models.csproj", "{2A260607-C9A5-4CDE-B87F-00D2665E6541}"
EndProject
Project("{2150E333-8FDC-42A3-9474-1A3956D46DE8}") = "Tests", "Tests", "{9F224313-366F-4FC2-9138-4F05DDA23C1C}"
EndProject
Project("{9A19103F-16F7-4668-BE54-9A1E7A4F7556}") = "AppkitSharp.TestClient", "tests\AppkitSharp.TestClient\AppkitSharp.TestClient.csproj", "{892A0FF7-1279-4CE6-B685-5ABD71114505}"
EndProject
Project("{9A19103F-16F7-4668-BE54-9A1E7A4F7556}") = "AppkitSharp.Services", "source\AppkitSharp.Services\AppkitSharp.Services.csproj", "{E90AFE37-933C-4B59-BA4D-AA188B463DCD}"
EndProject
Project("{9A19103F-16F7-4668-BE54-9A1E7A4F7556}") = "AppkitSharp.Services.Tests", "tests\AppkitSharp.Services.Tests\AppkitSharp.Services.Tests.csproj", "{304CA822-CB7B-43C5-9049-0F26720F8DF2}"
EndProject
Project("{9A19103F-16F7-4668-BE54-9A1E7A4F7556}") = "AppkitSharp.Common", "source\AppkitSharp.Common\AppkitSharp.Common.csproj", "{1625CDB2-D25C-49A4-BD09-306E52883933}"
EndProject
Project("{FAE04EC0-301F-11D3-BF4B-00C04F79EFBC}") = "AppkitSharp.Models.Tests", "tests\AppkitSharp.Models.Tests\AppkitSharp.Models.Tests.csproj", "{4B4FEE5D-D16A-4E2C-839E-B01995F62DA2}"
EndProject
Global
	GlobalSection(SolutionConfigurationPlatforms) = preSolution
		Debug|Any CPU = Debug|Any CPU
		Release|Any CPU = Release|Any CPU
	EndGlobalSection
	GlobalSection(ProjectConfigurationPlatforms) = postSolution
		{2A260607-C9A5-4CDE-B87F-00D2665E6541}.Debug|Any CPU.ActiveCfg = Debug|Any CPU
		{2A260607-C9A5-4CDE-B87F-00D2665E6541}.Debug|Any CPU.Build.0 = Debug|Any CPU
		{2A260607-C9A5-4CDE-B87F-00D2665E6541}.Release|Any CPU.ActiveCfg = Release|Any CPU
		{2A260607-C9A5-4CDE-B87F-00D2665E6541}.Release|Any CPU.Build.0 = Release|Any CPU
		{892A0FF7-1279-4CE6-B685-5ABD71114505}.Debug|Any CPU.ActiveCfg = Debug|Any CPU
		{892A0FF7-1279-4CE6-B685-5ABD71114505}.Debug|Any CPU.Build.0 = Debug|Any CPU
		{892A0FF7-1279-4CE6-B685-5ABD71114505}.Release|Any CPU.ActiveCfg = Release|Any CPU
		{892A0FF7-1279-4CE6-B685-5ABD71114505}.Release|Any CPU.Build.0 = Release|Any CPU
		{E90AFE37-933C-4B59-BA4D-AA188B463DCD}.Debug|Any CPU.ActiveCfg = Debug|Any CPU
		{E90AFE37-933C-4B59-BA4D-AA188B463DCD}.Debug|Any CPU.Build.0 = Debug|Any CPU
		{E90AFE37-933C-4B59-BA4D-AA188B463DCD}.Release|Any CPU.ActiveCfg = Release|Any CPU
		{E90AFE37-933C-4B59-BA4D-AA188B463DCD}.Release|Any CPU.Build.0 = Release|Any CPU
		{304CA822-CB7B-43C5-9049-0F26720F8DF2}.Debug|Any CPU.ActiveCfg = Debug|Any CPU
		{304CA822-CB7B-43C5-9049-0F26720F8DF2}.Debug|Any CPU.Build.0 = Debug|Any CPU
		{304CA822-CB7B-43C5-9049-0F26720F8DF2}.Release|Any CPU.ActiveCfg = Release|Any CPU
		{304CA822-CB7B-43C5-9049-0F26720F8DF2}.Release|Any CPU.Build.0 = Release|Any CPU
		{1625CDB2-D25C-49A4-BD09-306E52883933}.Debug|Any CPU.ActiveCfg = Debug|Any CPU
		{1625CDB2-D25C-49A4-BD09-306E52883933}.Debug|Any CPU.Build.0 = Debug|Any CPU
		{1625CDB2-D25C-49A4-BD09-306E52883933}.Release|Any CPU.ActiveCfg = Release|Any CPU
		{1625CDB2-D25C-49A4-BD09-306E52883933}.Release|Any CPU.Build.0 = Release|Any CPU
		{4B4FEE5D-D16A-4E2C-839E-B01995F62DA2}.Debug|Any CPU.ActiveCfg = Debug|Any CPU
		{4B4FEE5D-D16A-4E2C-839E-B01995F62DA2}.Debug|Any CPU.Build.0 = Debug|Any CPU
		{4B4FEE5D-D16A-4E2C-839E-B01995F62DA2}.Release|Any CPU.ActiveCfg = Release|Any CPU
		{4B4FEE5D-D16A-4E2C-839E-B01995F62DA2}.Release|Any CPU.Build.0 = Release|Any CPU
	EndGlobalSection
	GlobalSection(SolutionProperties) = preSolution
		HideSolutionNode = FALSE
	EndGlobalSection
	GlobalSection(NestedProjects) = preSolution
		{892A0FF7-1279-4CE6-B685-5ABD71114505} = {9F224313-366F-4FC2-9138-4F05DDA23C1C}
		{304CA822-CB7B-43C5-9049-0F26720F8DF2} = {9F224313-366F-4FC2-9138-4F05DDA23C1C}
		{4B4FEE5D-D16A-4E2C-839E-B01995F62DA2} = {9F224313-366F-4FC2-9138-4F05DDA23C1C}
	EndGlobalSection
	GlobalSection(ExtensibilityGlobals) = postSolution
		SolutionGuid = {3EDC9F87-EA61-4717-A551-CF4E574170FD}
	EndGlobalSection
EndGlobal
